{
  "R": {
    "Version": "4.0.5",
    "Repositories": [
      {
        "Name": "CRAN",
        "URL": "https://cloud.r-project.org"
      }
    ]
  },
  "Packages": {
    "KernSmooth": {
      "Package": "KernSmooth",
      "Version": "2.23-18",
      "Source": "Repository",
      "Priority": "recommended",
      "Date": "2020-10-28",
      "Title": "Functions for Kernel Smoothing Supporting Wand & Jones (1995)",
      "Authors@R": "c(person(\"Matt\", \"Wand\", role = \"aut\", email = \"Matt.Wand@uts.edu.au\"), person(\"Cleve\", \"Moler\", role = \"ctb\", comment = \"LINPACK routines in src/d*\"), person(\"Brian\", \"Ripley\", role = c(\"trl\", \"cre\", \"ctb\"), email = \"ripley@stats.ox.ac.uk\", comment = \"R port and updates\"))",
      "Note": "Maintainers are not available to give advice on using a package they did not author.",
      "Depends": [
        "R (>= 2.5.0)",
        "stats"
      ],
      "Suggests": [
        "MASS"
      ],
      "Description": "Functions for kernel smoothing (and density estimation) corresponding to the book:  Wand, M.P. and Jones, M.C. (1995) \"Kernel Smoothing\".",
      "License": "Unlimited",
      "ByteCompile": "yes",
      "NeedsCompilation": "yes",
      "Author": "Matt Wand [aut], Cleve Moler [ctb] (LINPACK routines in src/d*), Brian Ripley [trl, cre, ctb] (R port and updates)",
      "Maintainer": "Brian Ripley <ripley@stats.ox.ac.uk>",
      "Repository": "CRAN"
    },
    "MASS": {
      "Package": "MASS",
      "Version": "7.3-53.1",
      "Source": "Repository",
      "Priority": "recommended",
      "Date": "2021-02-12",
      "Revision": "$Rev: 3539 $",
      "Depends": [
        "R (>= 3.1.0)",
        "grDevices",
        "graphics",
        "stats",
        "utils"
      ],
      "Imports": [
        "methods"
      ],
      "Suggests": [
        "lattice",
        "nlme",
        "nnet",
        "survival"
      ],
      "Authors@R": "c(person(\"Brian\", \"Ripley\", role = c(\"aut\", \"cre\", \"cph\"), email = \"ripley@stats.ox.ac.uk\"), person(\"Bill\", \"Venables\", role = \"ctb\"), person(c(\"Douglas\", \"M.\"), \"Bates\", role = \"ctb\"), person(\"Kurt\", \"Hornik\", role = \"trl\", comment = \"partial port ca 1998\"), person(\"Albrecht\", \"Gebhardt\", role = \"trl\", comment = \"partial port ca 1998\"), person(\"David\", \"Firth\", role = \"ctb\"))",
      "Description": "Functions and datasets to support Venables and Ripley, \"Modern Applied Statistics with S\" (4th edition, 2002).",
      "Title": "Support Functions and Datasets for Venables and Ripley's MASS",
      "LazyData": "yes",
      "ByteCompile": "yes",
      "License": "GPL-2 | GPL-3",
      "URL": "http://www.stats.ox.ac.uk/pub/MASS4/",
      "Contact": "<MASS@stats.ox.ac.uk>",
      "NeedsCompilation": "yes",
      "Author": "Brian Ripley [aut, cre, cph], Bill Venables [ctb], Douglas M. Bates [ctb], Kurt Hornik [trl] (partial port ca 1998), Albrecht Gebhardt [trl] (partial port ca 1998), David Firth [ctb]",
      "Maintainer": "Brian Ripley <ripley@stats.ox.ac.uk>",
      "Repository": "CRAN"
    },
    "Matrix": {
      "Package": "Matrix",
      "Version": "1.3-2",
      "Source": "Repository",
      "Date": "2021-01-05",
      "Priority": "recommended",
      "Title": "Sparse and Dense Matrix Classes and Methods",
      "Contact": "Doug and Martin <Matrix-authors@R-project.org>",
      "Maintainer": "Martin Maechler <mmaechler+Matrix@gmail.com>",
      "Authors@R": "c(person(\"Douglas\",\"Bates\", role=\"aut\") , person(\"Martin\",\"Maechler\", role = c(\"aut\",\"cre\"), email=\"mmaechler+Matrix@gmail.com\", comment = c(ORCID = \"0000-0002-8685-9910\")) , person(\"Timothy A.\", \"Davis\", role=\"ctb\", comment = c(\"SuiteSparse and 'cs' C libraries, notably CHOLMOD, AMD; collaborators listed in dir(pattern = '^[A-Z]+[.]txt$', full.names=TRUE, system.file('doc', 'SuiteSparse', package='Matrix'))\")) , person(\"Jens\", \"Oehlschlägel\", role=\"ctb\", comment=\"initial nearPD()\") , person(\"Jason\", \"Riedy\", role=\"ctb\", comment = c(\"condest() and onenormest() for octave\", \"Copyright: Regents of the University of California\")) , person(\"R Core Team\", role = \"ctb\", comment=\"base R matrix implementation\") )",
      "Description": "A rich hierarchy of matrix classes, including triangular, symmetric, and diagonal matrices, both dense and sparse and with pattern, logical and numeric entries.   Numerous methods for and operations on these matrices, using 'LAPACK' and 'SuiteSparse' libraries.",
      "Depends": [
        "R (>= 3.6.0)"
      ],
      "Imports": [
        "methods",
        "graphics",
        "grid",
        "stats",
        "utils",
        "lattice"
      ],
      "Suggests": [
        "expm",
        "MASS"
      ],
      "Enhances": [
        "MatrixModels",
        "graph",
        "SparseM",
        "sfsmisc",
        "igraph",
        "maptools",
        "sp",
        "spdep"
      ],
      "EnhancesNote": "line 2: for \"Rd xrefs\"",
      "Encoding": "UTF-8",
      "LazyData": "no",
      "LazyDataNote": "not possible, since we use data/*.R *and* our classes",
      "BuildResaveData": "no",
      "License": "GPL (>= 2) | file LICENCE",
      "URL": "http://Matrix.R-forge.R-project.org/",
      "BugReports": "https://r-forge.r-project.org/tracker/?group_id=61",
      "NeedsCompilation": "yes",
      "Author": "Douglas Bates [aut], Martin Maechler [aut, cre] (<https://orcid.org/0000-0002-8685-9910>), Timothy A. Davis [ctb] (SuiteSparse and 'cs' C libraries, notably CHOLMOD, AMD; collaborators listed in dir(pattern = '^[A-Z]+[.]txt$', full.names=TRUE, system.file('doc', 'SuiteSparse', package='Matrix'))), Jens Oehlschlägel [ctb] (initial nearPD()), Jason Riedy [ctb] (condest() and onenormest() for octave, Copyright: Regents of the University of California), R Core Team [ctb] (base R matrix implementation)",
      "Repository": "CRAN"
    },
    "boot": {
      "Package": "boot",
      "Version": "1.3-27",
      "Source": "Repository",
      "Priority": "recommended",
      "Date": "2021-02-12",
      "Authors@R": "c(person(\"Angelo\", \"Canty\", role = \"aut\", email = \"cantya@mcmaster.ca\"), person(\"Brian\", \"Ripley\", role = c(\"aut\", \"trl\", \"cre\"), email = \"ripley@stats.ox.ac.uk\", comment = \"author of parallel support\"))",
      "Maintainer": "Brian Ripley <ripley@stats.ox.ac.uk>",
      "Note": "Maintainers are not available to give advice on using a package they did not author.",
      "Description": "Functions and datasets for bootstrapping from the book \"Bootstrap Methods and Their Application\" by A. C. Davison and  D. V. Hinkley (1997, CUP), originally written by Angelo Canty for S.",
      "Title": "Bootstrap Functions (Originally by Angelo Canty for S)",
      "Depends": [
        "R (>= 3.0.0)",
        "graphics",
        "stats"
      ],
      "Suggests": [
        "MASS",
        "survival"
      ],
      "LazyData": "yes",
      "ByteCompile": "yes",
      "License": "Unlimited",
      "NeedsCompilation": "no",
      "Author": "Angelo Canty [aut], Brian Ripley [aut, trl, cre] (author of parallel support)",
      "Repository": "CRAN"
    },
    "class": {
      "Package": "class",
      "Version": "7.3-18",
      "Source": "Repository",
      "Priority": "recommended",
      "Date": "2021-01-21",
      "Depends": [
        "R (>= 3.0.0)",
        "stats",
        "utils"
      ],
      "Imports": [
        "MASS"
      ],
      "Authors@R": "c(person(\"Brian\", \"Ripley\", role = c(\"aut\", \"cre\", \"cph\"), email = \"ripley@stats.ox.ac.uk\"), person(\"William\", \"Venables\", role = \"cph\"))",
      "Description": "Various functions for classification, including k-nearest neighbour, Learning Vector Quantization and Self-Organizing Maps.",
      "Title": "Functions for Classification",
      "ByteCompile": "yes",
      "License": "GPL-2 | GPL-3",
      "URL": "http://www.stats.ox.ac.uk/pub/MASS4/",
      "NeedsCompilation": "yes",
      "Author": "Brian Ripley [aut, cre, cph], William Venables [cph]",
      "Maintainer": "Brian Ripley <ripley@stats.ox.ac.uk>",
      "Repository": "CRAN"
    },
    "cluster": {
      "Package": "cluster",
      "Version": "2.1.1",
      "Source": "Repository",
      "Date": "2021-02-11",
      "Priority": "recommended",
      "Title": "\"Finding Groups in Data\": Cluster Analysis Extended Rousseeuw et al.",
      "Description": "Methods for Cluster analysis.  Much extended the original from Peter Rousseeuw, Anja Struyf and Mia Hubert, based on Kaufman and Rousseeuw (1990) \"Finding Groups in Data\".",
      "Maintainer": "Martin Maechler <maechler@stat.math.ethz.ch>",
      "Authors@R": "c(person(\"Martin\",\"Maechler\", role = c(\"aut\",\"cre\"), email=\"maechler@stat.math.ethz.ch\", comment = c(ORCID = \"0000-0002-8685-9910\")) ,person(\"Peter\", \"Rousseeuw\", role=\"aut\", email=\"peter.rousseeuw@kuleuven.be\", comment = c(\"Fortran original\", ORCID = \"0000-0002-3807-5353\")) ,person(\"Anja\", \"Struyf\", role=\"aut\", comment= \"S original\") ,person(\"Mia\", \"Hubert\", role=\"aut\", email= \"Mia.Hubert@uia.ua.ac.be\", comment = c(\"S original\", ORCID = \"0000-0001-6398-4850\")) ,person(\"Kurt\", \"Hornik\", role=c(\"trl\", \"ctb\"), email=\"Kurt.Hornik@R-project.org\", comment=c(\"port to R; maintenance(1999-2000)\", ORCID=\"0000-0003-4198-9911\")) ,person(\"Matthias\", \"Studer\", role=\"ctb\") ,person(\"Pierre\", \"Roudier\", role=\"ctb\") ,person(\"Juan\",   \"Gonzalez\", role=\"ctb\") ,person(\"Kamil\",  \"Kozlowski\", role=\"ctb\") ,person(\"Erich\",  \"Schubert\", role=\"ctb\", comment = c(\"fastpam options for pam()\", ORCID = \"0000-0001-9143-4880\")) ,person(\"Keefe\",  \"Murphy\", role=\"ctb\", comment = \"volume.ellipsoid({d >= 3})\") )",
      "Depends": [
        "R (>= 3.4.0)"
      ],
      "Imports": [
        "graphics",
        "grDevices",
        "stats",
        "utils"
      ],
      "Suggests": [
        "MASS",
        "Matrix"
      ],
      "SuggestsNote": "MASS: two examples using cov.rob() and mvrnorm(); Matrix tools for testing",
      "LazyLoad": "yes",
      "LazyData": "yes",
      "ByteCompile": "yes",
      "BuildResaveData": "no",
      "License": "GPL (>= 2)",
      "URL": "https://svn.r-project.org/R-packages/trunk/cluster/",
      "NeedsCompilation": "yes",
      "Author": "Martin Maechler [aut, cre] (<https://orcid.org/0000-0002-8685-9910>), Peter Rousseeuw [aut] (Fortran original, <https://orcid.org/0000-0002-3807-5353>), Anja Struyf [aut] (S original), Mia Hubert [aut] (S original, <https://orcid.org/0000-0001-6398-4850>), Kurt Hornik [trl, ctb] (port to R; maintenance(1999-2000), <https://orcid.org/0000-0003-4198-9911>), Matthias Studer [ctb], Pierre Roudier [ctb], Juan Gonzalez [ctb], Kamil Kozlowski [ctb], Erich Schubert [ctb] (fastpam options for pam(), <https://orcid.org/0000-0001-9143-4880>), Keefe Murphy [ctb] (volume.ellipsoid({d >= 3}))",
      "Repository": "CRAN"
    },
    "codetools": {
      "Package": "codetools",
      "Version": "0.2-18",
      "Source": "Repository",
      "Priority": "recommended",
      "Author": "Luke Tierney <luke-tierney@uiowa.edu>",
      "Description": "Code analysis tools for R.",
      "Title": "Code Analysis Tools for R",
      "Depends": [
        "R (>= 2.1)"
      ],
      "Maintainer": "Luke Tierney <luke-tierney@uiowa.edu>",
      "URL": "https://gitlab.com/luke-tierney/codetools",
      "License": "GPL",
      "NeedsCompilation": "no",
      "Repository": "CRAN"
    },
    "foreign": {
      "Package": "foreign",
      "Version": "0.8-81",
      "Source": "Repository",
      "Priority": "recommended",
      "Date": "2020-12-22",
      "Title": "Read Data Stored by 'Minitab', 'S', 'SAS', 'SPSS', 'Stata', 'Systat', 'Weka', 'dBase', ...",
      "Depends": [
        "R (>= 4.0.0)"
      ],
      "Imports": [
        "methods",
        "utils",
        "stats"
      ],
      "Authors@R": "c( person(\"R Core Team\", email = \"R-core@R-project.org\", role = c(\"aut\", \"cph\", \"cre\")), person(\"Roger\", \"Bivand\", role = c(\"ctb\", \"cph\")), person(c(\"Vincent\", \"J.\"), \"Carey\", role = c(\"ctb\", \"cph\")), person(\"Saikat\", \"DebRoy\", role = c(\"ctb\", \"cph\")), person(\"Stephen\", \"Eglen\", role = c(\"ctb\", \"cph\")), person(\"Rajarshi\", \"Guha\", role = c(\"ctb\", \"cph\")), person(\"Swetlana\", \"Herbrandt\", role = \"ctb\"), person(\"Nicholas\", \"Lewin-Koh\", role = c(\"ctb\", \"cph\")), person(\"Mark\", \"Myatt\", role = c(\"ctb\", \"cph\")), person(\"Michael\", \"Nelson\", role = \"ctb\"), person(\"Ben\", \"Pfaff\", role = \"ctb\"), person(\"Brian\", \"Quistorff\", role = \"ctb\"), person(\"Frank\", \"Warmerdam\", role = c(\"ctb\", \"cph\")), person(\"Stephen\", \"Weigand\", role = c(\"ctb\", \"cph\")), person(\"Free Software Foundation, Inc.\", role = \"cph\"))",
      "Contact": "see 'MailingList'",
      "Copyright": "see file COPYRIGHTS",
      "Description": "Reading and writing data stored by some versions of 'Epi Info', 'Minitab', 'S', 'SAS', 'SPSS', 'Stata', 'Systat', 'Weka', and for reading and writing some 'dBase' files.",
      "ByteCompile": "yes",
      "Biarch": "yes",
      "License": "GPL (>= 2)",
      "BugReports": "https://bugs.r-project.org",
      "MailingList": "R-help@r-project.org",
      "URL": "https://svn.r-project.org/R-packages/trunk/foreign/",
      "NeedsCompilation": "yes",
      "Author": "R Core Team [aut, cph, cre], Roger Bivand [ctb, cph], Vincent J. Carey [ctb, cph], Saikat DebRoy [ctb, cph], Stephen Eglen [ctb, cph], Rajarshi Guha [ctb, cph], Swetlana Herbrandt [ctb], Nicholas Lewin-Koh [ctb, cph], Mark Myatt [ctb, cph], Michael Nelson [ctb], Ben Pfaff [ctb], Brian Quistorff [ctb], Frank Warmerdam [ctb, cph], Stephen Weigand [ctb, cph], Free Software Foundation, Inc. [cph]",
      "Maintainer": "R Core Team <R-core@R-project.org>",
      "Repository": "CRAN"
    },
    "lattice": {
      "Package": "lattice",
      "Version": "0.20-41",
      "Source": "Repository",
      "Date": "2020-04-01",
      "Priority": "recommended",
      "Title": "Trellis Graphics for R",
      "Authors@R": "c(person(\"Deepayan\", \"Sarkar\", role = c(\"aut\", \"cre\"), email = \"deepayan.sarkar@r-project.org\", comment = c(ORCID = \"0000-0003-4107-1553\")), person(\"Felix\", \"Andrews\", role = \"ctb\"), person(\"Kevin\", \"Wright\", role = \"ctb\", comment = \"documentation\"), person(\"Neil\", \"Klepeis\", role = \"ctb\"), person(\"Paul\", \"Murrell\", role = \"ctb\", email = \"paul@stat.auckland.ac.nz\"))",
      "Description": "A powerful and elegant high-level data visualization system inspired by Trellis graphics, with an emphasis on multivariate data. Lattice is sufficient for typical graphics needs, and is also flexible enough to handle most nonstandard requirements. See ?Lattice for an introduction.",
      "Depends": [
        "R (>= 3.0.0)"
      ],
      "Suggests": [
        "KernSmooth",
        "MASS",
        "latticeExtra"
      ],
      "Imports": [
        "grid",
        "grDevices",
        "graphics",
        "stats",
        "utils"
      ],
      "Enhances": [
        "chron"
      ],
      "LazyLoad": "yes",
      "LazyData": "yes",
      "License": "GPL (>= 2)",
      "URL": "http://lattice.r-forge.r-project.org/",
      "BugReports": "https://github.com/deepayan/lattice/issues",
      "NeedsCompilation": "yes",
      "Author": "Deepayan Sarkar [aut, cre] (<https://orcid.org/0000-0003-4107-1553>), Felix Andrews [ctb], Kevin Wright [ctb] (documentation), Neil Klepeis [ctb], Paul Murrell [ctb]",
      "Maintainer": "Deepayan Sarkar <deepayan.sarkar@r-project.org>",
      "Repository": "CRAN"
    },
    "mgcv": {
      "Package": "mgcv",
      "Version": "1.8-34",
      "Source": "Repository",
      "Author": "Simon Wood <simon.wood@r-project.org>",
      "Maintainer": "Simon Wood <simon.wood@r-project.org>",
      "Title": "Mixed GAM Computation Vehicle with Automatic Smoothness Estimation",
      "Description": "Generalized additive (mixed) models, some of their extensions and  other generalized ridge regression with multiple smoothing  parameter estimation by (Restricted) Marginal Likelihood,  Generalized Cross Validation and similar, or using iterated  nested Laplace approximation for fully Bayesian inference. See  Wood (2017) <doi:10.1201/9781315370279> for an overview.  Includes a gam() function, a wide variety of smoothers, 'JAGS'  support and distributions beyond the exponential family.",
      "Priority": "recommended",
      "Depends": [
        "R (>= 3.6.0)",
        "nlme (>= 3.1-64)"
      ],
      "Imports": [
        "methods",
        "stats",
        "graphics",
        "Matrix",
        "splines",
        "utils"
      ],
      "Suggests": [
        "parallel",
        "survival",
        "MASS"
      ],
      "LazyLoad": "yes",
      "ByteCompile": "yes",
      "License": "GPL (>= 2)",
      "NeedsCompilation": "yes",
      "Repository": "CRAN"
    },
    "nlme": {
      "Package": "nlme",
      "Version": "3.1-152",
      "Source": "Repository",
      "Date": "2021-02-03",
      "Priority": "recommended",
      "Title": "Linear and Nonlinear Mixed Effects Models",
      "Authors@R": "c(person(\"José\", \"Pinheiro\", role = \"aut\", comment = \"S version\"), person(\"Douglas\", \"Bates\", role = \"aut\", comment = \"up to 2007\"), person(\"Saikat\", \"DebRoy\", role = \"ctb\", comment = \"up to 2002\"), person(\"Deepayan\", \"Sarkar\", role = \"ctb\", comment = \"up to 2005\"), person(\"EISPACK authors\", role = \"ctb\", comment = \"src/rs.f\"), person(\"Siem\", \"Heisterkamp\", role = \"ctb\", comment = \"Author fixed sigma\"), person(\"Bert\", \"Van Willigen\",role = \"ctb\", comment = \"Programmer fixed sigma\"), person(\"Johannes\", \"Ranke\", role = \"ctb\", comment = \"varConstProp()\"), person(\"R-core\", email = \"R-core@R-project.org\", role = c(\"aut\", \"cre\")))",
      "Contact": "see 'MailingList'",
      "Description": "Fit and compare Gaussian linear and nonlinear mixed-effects models.",
      "Depends": [
        "R (>= 3.4.0)"
      ],
      "Imports": [
        "graphics",
        "stats",
        "utils",
        "lattice"
      ],
      "Suggests": [
        "Hmisc",
        "MASS"
      ],
      "LazyData": "yes",
      "ByteCompile": "yes",
      "Encoding": "UTF-8",
      "License": "GPL (>= 2) | file LICENCE",
      "BugReports": "https://bugs.r-project.org",
      "MailingList": "R-help@r-project.org",
      "URL": "https://svn.r-project.org/R-packages/trunk/nlme/",
      "NeedsCompilation": "yes",
      "Author": "José Pinheiro [aut] (S version), Douglas Bates [aut] (up to 2007), Saikat DebRoy [ctb] (up to 2002), Deepayan Sarkar [ctb] (up to 2005), EISPACK authors [ctb] (src/rs.f), Siem Heisterkamp [ctb] (Author fixed sigma), Bert Van Willigen [ctb] (Programmer fixed sigma), Johannes Ranke [ctb] (varConstProp()), R-core [aut, cre]",
      "Maintainer": "R-core <R-core@R-project.org>",
      "Repository": "CRAN"
    },
    "nnet": {
      "Package": "nnet",
      "Version": "7.3-15",
      "Source": "Repository",
      "Priority": "recommended",
      "Date": "2021-01-21",
      "Depends": [
        "R (>= 3.0.0)",
        "stats",
        "utils"
      ],
      "Suggests": [
        "MASS"
      ],
      "Authors@R": "c(person(\"Brian\", \"Ripley\", role = c(\"aut\", \"cre\", \"cph\"), email = \"ripley@stats.ox.ac.uk\"), person(\"William\", \"Venables\", role = \"cph\"))",
      "Description": "Software for feed-forward neural networks with a single hidden layer, and for multinomial log-linear models.",
      "Title": "Feed-Forward Neural Networks and Multinomial Log-Linear Models",
      "ByteCompile": "yes",
      "License": "GPL-2 | GPL-3",
      "URL": "http://www.stats.ox.ac.uk/pub/MASS4/",
      "NeedsCompilation": "yes",
      "Author": "Brian Ripley [aut, cre, cph], William Venables [cph]",
      "Maintainer": "Brian Ripley <ripley@stats.ox.ac.uk>",
      "Repository": "CRAN"
    },
    "renv": {
      "Package": "renv",
      "Version": "1.1.4",
      "Source": "Repository",
      "Type": "Package",
      "Title": "Project Environments",
      "Authors@R": "c( person(\"Kevin\", \"Ushey\", role = c(\"aut\", \"cre\"), email = \"kevin@rstudio.com\", comment = c(ORCID = \"0000-0003-2880-7407\")), person(\"Hadley\", \"Wickham\", role = c(\"aut\"), email = \"hadley@rstudio.com\", comment = c(ORCID = \"0000-0003-4757-117X\")), person(\"Posit Software, PBC\", role = c(\"cph\", \"fnd\")) )",
      "Description": "A dependency management toolkit for R. Using 'renv', you can create and manage project-local R libraries, save the state of these libraries to a 'lockfile', and later restore your library as required. Together, these tools can help make your projects more isolated, portable, and reproducible.",
      "License": "MIT + file LICENSE",
      "URL": "https://rstudio.github.io/renv/, https://github.com/rstudio/renv",
      "BugReports": "https://github.com/rstudio/renv/issues",
      "Imports": [
        "utils"
      ],
      "Suggests": [
        "BiocManager",
        "cli",
        "compiler",
        "covr",
        "cpp11",
        "devtools",
        "gitcreds",
        "jsonlite",
        "jsonvalidate",
        "knitr",
        "miniUI",
        "modules",
        "packrat",
        "pak",
        "R6",
        "remotes",
        "reticulate",
        "rmarkdown",
        "rstudioapi",
        "shiny",
        "testthat",
        "uuid",
        "waldo",
        "yaml",
        "webfakes"
      ],
      "Encoding": "UTF-8",
      "RoxygenNote": "7.3.2",
      "VignetteBuilder": "knitr",
      "Config/Needs/website": "tidyverse/tidytemplate",
      "Config/testthat/edition": "3",
      "Config/testthat/parallel": "true",
      "Config/testthat/start-first": "bioconductor,python,install,restore,snapshot,retrieve,remotes",
      "NeedsCompilation": "no",
      "Author": "Kevin Ushey [aut, cre] (<https://orcid.org/0000-0003-2880-7407>), Hadley Wickham [aut] (<https://orcid.org/0000-0003-4757-117X>), Posit Software, PBC [cph, fnd]",
      "Maintainer": "Kevin Ushey <kevin@rstudio.com>",
      "Repository": "CRAN"
    },
    "rpart": {
      "Package": "rpart",
      "Version": "4.1-15",
      "Source": "Repository",
      "Priority": "recommended",
      "Date": "2019-04-10",
      "Authors@R": "c(person(\"Terry\", \"Therneau\", role = \"aut\", email = \"therneau@mayo.edu\"), person(\"Beth\", \"Atkinson\", role = c(\"aut\", \"cre\"), email = \"atkinson@mayo.edu\"), person(\"Brian\", \"Ripley\", role = \"trl\", email = \"ripley@stats.ox.ac.uk\", comment = \"producer of the initial R port, maintainer 1999-2017\"))",
      "Description": "Recursive partitioning for classification,  regression and survival trees.  An implementation of most of the  functionality of the 1984 book by Breiman, Friedman, Olshen and Stone.",
      "Title": "Recursive Partitioning and Regression Trees",
      "Depends": [
        "R (>= 2.15.0)",
        "graphics",
        "stats",
        "grDevices"
      ],
      "Suggests": [
        "survival"
      ],
      "License": "GPL-2 | GPL-3",
      "LazyData": "yes",
      "ByteCompile": "yes",
      "NeedsCompilation": "yes",
      "Author": "Terry Therneau [aut], Beth Atkinson [aut, cre], Brian Ripley [trl] (producer of the initial R port, maintainer 1999-2017)",
      "Maintainer": "Beth Atkinson <atkinson@mayo.edu>",
      "Repository": "CRAN",
      "URL": "https://github.com/bethatkinson/rpart, https://cran.r-project.org/package=rpart",
      "BugReports": "https://github.com/bethatkinson/rpart/issues"
    },
    "spatial": {
      "Package": "spatial",
      "Version": "7.3-13",
      "Source": "Repository",
      "Priority": "recommended",
      "Date": "2021-01-21",
      "Depends": [
        "R (>= 3.0.0)",
        "graphics",
        "stats",
        "utils"
      ],
      "Suggests": [
        "MASS"
      ],
      "Authors@R": "c(person(\"Brian\", \"Ripley\", role = c(\"aut\", \"cre\", \"cph\"), email = \"ripley@stats.ox.ac.uk\"), person(\"Roger\", \"Bivand\", role = \"ctb\"), person(\"William\", \"Venables\", role = \"cph\"))",
      "Description": "Functions for kriging and point pattern analysis.",
      "Title": "Functions for Kriging and Point Pattern Analysis",
      "LazyLoad": "yes",
      "ByteCompile": "yes",
      "License": "GPL-2 | GPL-3",
      "URL": "http://www.stats.ox.ac.uk/pub/MASS4/",
      "NeedsCompilation": "yes",
      "Author": "Brian Ripley [aut, cre, cph], Roger Bivand [ctb], William Venables [cph]",
      "Maintainer": "Brian Ripley <ripley@stats.ox.ac.uk>",
      "Repository": "CRAN"
    },
    "survival": {
      "Package": "survival",
      "Version": "3.2-10",
      "Source": "Repository",
      "Title": "Survival Analysis",
      "Priority": "recommended",
      "Date": "2021-03-15",
      "Depends": [
        "R (>= 3.5.0)"
      ],
      "Imports": [
        "graphics",
        "Matrix",
        "methods",
        "splines",
        "stats",
        "utils"
      ],
      "LazyData": "Yes",
      "LazyDataCompression": "xz",
      "ByteCompile": "Yes",
      "Authors@R": "c(person(c(\"Terry\", \"M\"), \"Therneau\", email=\"therneau.terry@mayo.edu\", role=c(\"aut\", \"cre\")), person(\"Thomas\", \"Lumley\", role=c(\"ctb\", \"trl\"), comment=\"original S->R port and R maintainer until 2009\"), person(\"Atkinson\", \"Elizabeth\", role=\"ctb\"), person(\"Crowson\", \"Cynthia\", role=\"ctb\"))",
      "Description": "Contains the core survival analysis routines, including definition of Surv objects,  Kaplan-Meier and Aalen-Johansen (multi-state) curves, Cox models, and parametric accelerated failure time models.",
      "License": "LGPL (>= 2)",
      "URL": "https://github.com/therneau/survival",
      "NeedsCompilation": "yes",
      "Author": "Terry M Therneau [aut, cre], Thomas Lumley [ctb, trl] (original S->R port and R maintainer until 2009), Atkinson Elizabeth [ctb], Crowson Cynthia [ctb]",
      "Maintainer": "Terry M Therneau <therneau.terry@mayo.edu>",
      "Repository": "CRAN"
    }
  }
}
